# This file is autogenerated, do not edit; changes may be undone by the next 'dep ensure'.


[[projects]]
  name = "github.com/boj/redistore"
  packages = ["."]
  revision = "fc113767cd6b051980f260d6dbe84b2740c46ab0"
  version = "v1.2"

[[projects]]
  branch = "master"
  name = "github.com/fiam/gounidecode"
  packages = ["unidecode"]
  revision = "8deddbd03fec2c28969266e52f27b6fb22be1823"

[[projects]]
  name = "github.com/garyburd/redigo"
  packages = ["internal","redis"]
  revision = "ffa8d46ada782d81cfda81a0fbd9f45ceae448e8"

[[projects]]
  name = "github.com/gin-gonic/contrib"
  packages = ["sessions"]
  revision = "547e518040cfb96576b507d2f26779ab9c6fc829"

[[projects]]
  branch = "develop"
  name = "github.com/gin-gonic/gin"
  packages = [".","binding","render"]
  revision = "f931d1ea80ae95a6fc739213cdd9399bd2967fb6"

[[projects]]
  name = "github.com/golang/protobuf"
  packages = ["proto"]
  revision = "7390af9dcd3c33042ebaf2474a1724a83cf1a7e6"

[[projects]]
  name = "github.com/gorilla/context"
  packages = ["."]
  revision = "aed02d124ae4a0e94fea4541c8effd05bf0c8296"

[[projects]]
  name = "github.com/gorilla/securecookie"
  packages = ["."]
  revision = "ff356348f74133a59d3e93aa24b5b4551b6fe90d"

[[projects]]
  name = "github.com/gorilla/sessions"
  packages = ["."]
  revision = "56ba4b0a11da87516629a57408a5f7e4c8ea7b0b"

[[projects]]
  name = "github.com/lib/pq"
  packages = [".","oid"]
  revision = "80f8150043c80fb52dee6bc863a709cdac7ec8f8"

[[projects]]
  branch = "master"
  name = "github.com/manucorporat/sse"
  packages = ["."]
  revision = "ee05b128a739a0fb76c7ebd3ae4810c1de808d6d"

[[projects]]
  name = "github.com/valyala/bytebufferpool"
  packages = ["."]
  revision = "8ebd0474e5a2f0a5c7a74ad2bf421a1d1a90264f"

[[projects]]
  name = "github.com/valyala/quicktemplate"
  packages = ["."]
  revision = "621a99ae6bd320b2af730306caeb11b8c6b1db0f"

[[projects]]
  name = "golang.org/x/net"
  packages = ["context"]
  revision = "07b51741c1d6423d4a6abab1c49940ec09cb1aaf"

[[projects]]
  name = "golang.org/x/oauth2"
  packages = [".","facebook","internal","vk"]
  revision = "4784bb855e56a530f1ce5d788959359ed6cb4a16"

[[projects]]
  name = "google.golang.org/appengine"
  packages = ["internal","internal/base","internal/datastore","internal/log","internal/remote_api","internal/urlfetch","urlfetch"]
  revision = "e951d3868b377b14f4e60efa3a301532ee3c1ebf"

[[projects]]
  name = "gopkg.in/go-playground/validator.v8"
  packages = ["."]
  revision = "5f57d2222ad794d0dffb07e664ea05e2ee07d60c"
  version = "v8.18.1"

[[projects]]
  branch = "v2"
  name = "gopkg.in/yaml.v2"
  packages = ["."]
  revision = "e4d366fc3c7938e2958e662b4258c7a89e1f0e3e"

[solve-meta]
  analyzer-name = "dep"
  analyzer-version = 1
  inputs-digest = "b545e1102b5472549f1eeabfe7dc52e4232516edc5817b14b000807702291fae"
  solver-name = "gps-cdcl"
  solver-version = 1
